
Microsoft Visual Studio Solution File, Format Version 12.00
# Visual Studio Version 17
VisualStudioVersion = 17.4.33213.308
MinimumVisualStudioVersion = 10.0.40219.1
Project("{9A19103F-16F7-4668-BE54-9A1E7A4F7556}") = "JewelryManagement", "WebApplication1\JewelryManagement.csproj", "{02230D58-0266-4751-99DC-0ABB9E22CB95}"
EndProject
Project("{9A19103F-16F7-4668-BE54-9A1E7A4F7556}") = "Versioning", "DatabaseManager\Versioning.csproj", "{FB4B677A-9FFD-4EDA-B027-4B1D1640DF90}"
EndProject
Project("{9A19103F-16F7-4668-BE54-9A1E7A4F7556}") = "Database", "Database\Database.csproj", "{6D14BDDA-07DB-47DE-A07C-8F0F816EB9DE}"
EndProject
Global
	GlobalSection(SolutionConfigurationPlatforms) = preSolution
		Debug|Any CPU = Debug|Any CPU
		Debug|Default = Debug|Default
		Release|Any CPU = Release|Any CPU
		Release|Default = Release|Default
	EndGlobalSection
	GlobalSection(ProjectConfigurationPlatforms) = postSolution
		{02230D58-0266-4751-99DC-0ABB9E22CB95}.Debug|Any CPU.ActiveCfg = Debug|Any CPU
		{02230D58-0266-4751-99DC-0ABB9E22CB95}.Debug|Any CPU.Build.0 = Debug|Any CPU
		{02230D58-0266-4751-99DC-0ABB9E22CB95}.Debug|Default.ActiveCfg = Debug|Any CPU
		{02230D58-0266-4751-99DC-0ABB9E22CB95}.Debug|Default.Build.0 = Debug|Any CPU
		{02230D58-0266-4751-99DC-0ABB9E22CB95}.Release|Any CPU.ActiveCfg = Release|Any CPU
		{02230D58-0266-4751-99DC-0ABB9E22CB95}.Release|Any CPU.Build.0 = Release|Any CPU
		{02230D58-0266-4751-99DC-0ABB9E22CB95}.Release|Default.ActiveCfg = Release|Any CPU
		{02230D58-0266-4751-99DC-0ABB9E22CB95}.Release|Default.Build.0 = Release|Any CPU
		{FB4B677A-9FFD-4EDA-B027-4B1D1640DF90}.Debug|Any CPU.ActiveCfg = Debug|Any CPU
		{FB4B677A-9FFD-4EDA-B027-4B1D1640DF90}.Debug|Any CPU.Build.0 = Debug|Any CPU
		{FB4B677A-9FFD-4EDA-B027-4B1D1640DF90}.Debug|Default.ActiveCfg = Debug|Any CPU
		{FB4B677A-9FFD-4EDA-B027-4B1D1640DF90}.Debug|Default.Build.0 = Debug|Any CPU
		{FB4B677A-9FFD-4EDA-B027-4B1D1640DF90}.Release|Any CPU.ActiveCfg = Release|Any CPU
		{FB4B677A-9FFD-4EDA-B027-4B1D1640DF90}.Release|Any CPU.Build.0 = Release|Any CPU
		{FB4B677A-9FFD-4EDA-B027-4B1D1640DF90}.Release|Default.ActiveCfg = Release|Any CPU
		{FB4B677A-9FFD-4EDA-B027-4B1D1640DF90}.Release|Default.Build.0 = Release|Any CPU
		{6D14BDDA-07DB-47DE-A07C-8F0F816EB9DE}.Debug|Any CPU.ActiveCfg = Debug|Any CPU
		{6D14BDDA-07DB-47DE-A07C-8F0F816EB9DE}.Debug|Any CPU.Build.0 = Debug|Any CPU
		{6D14BDDA-07DB-47DE-A07C-8F0F816EB9DE}.Debug|Default.ActiveCfg = Debug|Any CPU
		{6D14BDDA-07DB-47DE-A07C-8F0F816EB9DE}.Debug|Default.Build.0 = Debug|Any CPU
		{6D14BDDA-07DB-47DE-A07C-8F0F816EB9DE}.Release|Any CPU.ActiveCfg = Release|Any CPU
		{6D14BDDA-07DB-47DE-A07C-8F0F816EB9DE}.Release|Any CPU.Build.0 = Release|Any CPU
		{6D14BDDA-07DB-47DE-A07C-8F0F816EB9DE}.Release|Default.ActiveCfg = Release|Any CPU
		{6D14BDDA-07DB-47DE-A07C-8F0F816EB9DE}.Release|Default.Build.0 = Release|Any CPU
	EndGlobalSection
	GlobalSection(SolutionProperties) = preSolution
		HideSolutionNode = FALSE
	EndGlobalSection
	GlobalSection(ExtensibilityGlobals) = postSolution
		SolutionGuid = {2DF1A547-C409-4E0D-967E-2DF3A2399715}
	EndGlobalSection
	GlobalSection(SolutionConfigurationPlatforms) = preSolution
		Debug|Any CPU = Debug|Any CPU
		Release|Any CPU = Release|Any CPU
	EndGlobalSection
EndGlobal
